
Microsoft Visual Studio Solution File, Format Version 12.00
# Visual Studio 15
Project("{FAE04EC0-301F-11D3-BF4B-00C04F79EFBC}") = "LayerManager", "Assembly-CSharp.csproj", "{2BC9CB48-C108-5A08-5383-940013C72659}"
EndProject
Project("{FAE04EC0-301F-11D3-BF4B-00C04F79EFBC}") = "LayerManager", "Assembly-CSharp-Editor.csproj", "{49B87116-9C56-281F-DD1C-D8566FD84A01}"
EndProject
Global
	GlobalSection(SolutionConfigurationPlatforms) = preSolution
		Debug|Any CPU = Debug|Any CPU
		Release|Any CPU = Release|Any CPU
	EndGlobalSection
	GlobalSection(ProjectConfigurationPlatforms) = postSolution
		{2BC9CB48-C108-5A08-5383-940013C72659}.Debug|Any CPU.ActiveCfg = Debug|Any CPU
		{2BC9CB48-C108-5A08-5383-940013C72659}.Debug|Any CPU.Build.0 = Debug|Any CPU
		{2BC9CB48-C108-5A08-5383-940013C72659}.Release|Any CPU.ActiveCfg = Release|Any CPU
		{2BC9CB48-C108-5A08-5383-940013C72659}.Release|Any CPU.Build.0 = Release|Any CPU
		{49B87116-9C56-281F-DD1C-D8566FD84A01}.Debug|Any CPU.ActiveCfg = Debug|Any CPU
		{49B87116-9C56-281F-DD1C-D8566FD84A01}.Debug|Any CPU.Build.0 = Debug|Any CPU
		{49B87116-9C56-281F-DD1C-D8566FD84A01}.Release|Any CPU.ActiveCfg = Release|Any CPU
		{49B87116-9C56-281F-DD1C-D8566FD84A01}.Release|Any CPU.Build.0 = Release|Any CPU
	EndGlobalSection
	GlobalSection(SolutionProperties) = preSolution
		HideSolutionNode = FALSE
	EndGlobalSection
EndGlobal
